
Microsoft Visual Studio Solution File, Format Version 12.00
# Visual Studio Version 17
VisualStudioVersion = 17.2.32616.157
MinimumVisualStudioVersion = 10.0.40219.1
Project("{FAE04EC0-301F-11D3-BF4B-00C04F79EFBC}") = "csharp_oop_shop", "csharp_oop_shop.csproj", "{386D6885-7427-474F-814E-A9E4979B5480}"
EndProject
Global
	GlobalSection(SolutionConfigurationPlatforms) = preSolution
		Debug|Any CPU = Debug|Any CPU
		Release|Any CPU = Release|Any CPU
	EndGlobalSection
	GlobalSection(ProjectConfigurationPlatforms) = postSolution
		{386D6885-7427-474F-814E-A9E4979B5480}.Debug|Any CPU.ActiveCfg = Debug|Any CPU
		{386D6885-7427-474F-814E-A9E4979B5480}.Debug|Any CPU.Build.0 = Debug|Any CPU
		{386D6885-7427-474F-814E-A9E4979B5480}.Release|Any CPU.ActiveCfg = Release|Any CPU
		{386D6885-7427-474F-814E-A9E4979B5480}.Release|Any CPU.Build.0 = Release|Any CPU
	EndGlobalSection
	GlobalSection(SolutionProperties) = preSolution
		HideSolutionNode = FALSE
	EndGlobalSection
	GlobalSection(ExtensibilityGlobals) = postSolution
		SolutionGuid = {33D2739C-CFA3-4254-9FDC-DF358BE36627}
	EndGlobalSection
EndGlobal
